{
  "version": 4,
  "terraform_version": "1.7.1",
  "serial": 12,
  "lineage": "e9859761-6151-a6de-a5b6-85004d058868",
  "outputs": {},
  "resources": [
    {
      "mode": "managed",
      "type": "aws_internet_gateway",
      "name": "three-tier-GateWay",
      "provider": "provider[\"registry.terraform.io/hashicorp/aws\"]",
      "instances": [
        {
          "schema_version": 0,
          "attributes": {
            "arn": "arn:aws:ec2:ap-northeast-2:245556669603:internet-gateway/igw-0257471cf7ac2fdcf",
            "id": "igw-0257471cf7ac2fdcf",
            "owner_id": "245556669603",
            "tags": {
              "Name": "3-tier-igw"
            },
            "tags_all": {
              "Name": "3-tier-igw"
            },
            "timeouts": null,
            "vpc_id": "vpc-01172ce3ca669ca59"
          },
          "sensitive_attributes": [],
          "private": "eyJlMmJmYjczMC1lY2FhLTExZTYtOGY4OC0zNDM2M2JjN2M0YzAiOnsiY3JlYXRlIjoxMjAwMDAwMDAwMDAwLCJkZWxldGUiOjEyMDAwMDAwMDAwMDAsInVwZGF0ZSI6MTIwMDAwMDAwMDAwMH19",
          "dependencies": [
            "aws_vpc.three_tier_vpc"
          ]
        }
      ]
    },
    {
      "mode": "managed",
      "type": "aws_vpc",
      "name": "three_tier_vpc",
      "provider": "provider[\"registry.terraform.io/hashicorp/aws\"]",
      "instances": [
        {
          "schema_version": 1,
          "attributes": {
            "arn": "arn:aws:ec2:ap-northeast-2:245556669603:vpc/vpc-01172ce3ca669ca59",
            "assign_generated_ipv6_cidr_block": false,
            "cidr_block": "10.0.0.0/24",
            "default_network_acl_id": "acl-0643681475aa01c28",
            "default_route_table_id": "rtb-02bc8095bee03c068",
            "default_security_group_id": "sg-0d6e5d2eb721f5055",
            "dhcp_options_id": "dopt-09e62e8789d6245e8",
            "enable_dns_hostnames": false,
            "enable_dns_support": true,
            "enable_network_address_usage_metrics": false,
            "id": "vpc-01172ce3ca669ca59",
            "instance_tenancy": "default",
            "ipv4_ipam_pool_id": null,
            "ipv4_netmask_length": null,
            "ipv6_association_id": "",
            "ipv6_cidr_block": "",
            "ipv6_cidr_block_network_border_group": "",
            "ipv6_ipam_pool_id": "",
            "ipv6_netmask_length": 0,
            "main_route_table_id": "rtb-02bc8095bee03c068",
            "owner_id": "245556669603",
            "tags": {
              "Name": "3-tier-vpc"
            },
            "tags_all": {
              "Name": "3-tier-vpc"
            }
          },
          "sensitive_attributes": [],
          "private": "eyJzY2hlbWFfdmVyc2lvbiI6IjEifQ=="
        }
      ]
    }
  ],
  "check_results": null
}
